// !$*UTF8*$!
{
	archiveVersion = 1;
	classes = {
	};
	objectVersion = 54;
	objects = {

/* Begin PBXBuildFile section */
		014FCBC527D408960067B4F3 /* BottomNode.swift in Sources */ = {isa = PBXBuildFile; fileRef = 014FCBC427D408950067B4F3 /* BottomNode.swift */; };
		014FCBC827D431B40067B4F3 /* BubbleNode.swift in Sources */ = {isa = PBXBuildFile; fileRef = 014FCBC727D431B40067B4F3 /* BubbleNode.swift */; };
		01629F662BB6610500CE570F /* newLife.mp3 in Resources */ = {isa = PBXBuildFile; fileRef = 01629F5F2BB6610500CE570F /* newLife.mp3 */; };
		01629F672BB6610500CE570F /* grassHit.mp3 in Resources */ = {isa = PBXBuildFile; fileRef = 01629F602BB6610500CE570F /* grassHit.mp3 */; };
		01629F682BB6610500CE570F /* jump.mp3 in Resources */ = {isa = PBXBuildFile; fileRef = 01629F612BB6610500CE570F /* jump.mp3 */; };
		01629F692BB6610500CE570F /* mainTheme.mp3 in Resources */ = {isa = PBXBuildFile; fileRef = 01629F622BB6610500CE570F /* mainTheme.mp3 */; };
		01629F6A2BB6610500CE570F /* coinCollect.mp3 in Resources */ = {isa = PBXBuildFile; fileRef = 01629F632BB6610500CE570F /* coinCollect.mp3 */; };
		01629F6B2BB6610500CE570F /* shellBubbles.mp3 in Resources */ = {isa = PBXBuildFile; fileRef = 01629F642BB6610500CE570F /* shellBubbles.mp3 */; };
		01629F6C2BB6610500CE570F /* fishHit.mp3 in Resources */ = {isa = PBXBuildFile; fileRef = 01629F652BB6610500CE570F /* fishHit.mp3 */; };
		01629F6E2BB661CF00CE570F /* Music.swift in Sources */ = {isa = PBXBuildFile; fileRef = 01629F6D2BB661CF00CE570F /* Music.swift */; };
		0198661627D7BB1900D69861 /* ResizedImages.swift in Sources */ = {isa = PBXBuildFile; fileRef = 0198661527D7BB1900D69861 /* ResizedImages.swift */; };
		019CDB4F27B1DD8F00A018E0 /* AppDelegate.swift in Sources */ = {isa = PBXBuildFile; fileRef = 019CDB4E27B1DD8F00A018E0 /* AppDelegate.swift */; };
		019CDB5527B1DD8F00A018E0 /* GameScene.swift in Sources */ = {isa = PBXBuildFile; fileRef = 019CDB5427B1DD8F00A018E0 /* GameScene.swift */; };
		019CDB5727B1DD8F00A018E0 /* GameViewController.swift in Sources */ = {isa = PBXBuildFile; fileRef = 019CDB5627B1DD8F00A018E0 /* GameViewController.swift */; };
		019CDB5A27B1DD8F00A018E0 /* Main.storyboard in Resources */ = {isa = PBXBuildFile; fileRef = 019CDB5827B1DD8F00A018E0 /* Main.storyboard */; };
		019CDB5C27B1DD9400A018E0 /* Assets.xcassets in Resources */ = {isa = PBXBuildFile; fileRef = 019CDB5B27B1DD9400A018E0 /* Assets.xcassets */; };
		019CDB6627B1DDD700A018E0 /* MenuScene.swift in Sources */ = {isa = PBXBuildFile; fileRef = 019CDB6527B1DDD700A018E0 /* MenuScene.swift */; };
		019CDB6C27B1E50700A018E0 /* Constants.swift in Sources */ = {isa = PBXBuildFile; fileRef = 019CDB6B27B1E50700A018E0 /* Constants.swift */; };
		01AD3EB927C2B14E000B0F79 /* LaunchScreen.storyboard in Resources */ = {isa = PBXBuildFile; fileRef = 01AD3EB827C2B14D000B0F79 /* LaunchScreen.storyboard */; };
		01AE211927C1489000AA1779 /* OctopusNode.swift in Sources */ = {isa = PBXBuildFile; fileRef = 01AE211827C1489000AA1779 /* OctopusNode.swift */; };
		01AE211C27C14D8D00AA1779 /* PlatformNode.swift in Sources */ = {isa = PBXBuildFile; fileRef = 01AE211B27C14D8D00AA1779 /* PlatformNode.swift */; };
		01AE212627C16BC300AA1779 /* HeartNode.swift in Sources */ = {isa = PBXBuildFile; fileRef = 01AE212527C16BC300AA1779 /* HeartNode.swift */; };
		01F87C0227C16E3500B6ADCB /* FishNode.swift in Sources */ = {isa = PBXBuildFile; fileRef = 01F87C0127C16E3500B6ADCB /* FishNode.swift */; };
		01F87C0527C16E4300B6ADCB /* BoostNode.swift in Sources */ = {isa = PBXBuildFile; fileRef = 01F87C0427C16E4300B6ADCB /* BoostNode.swift */; };
		01F87C0827C1706000B6ADCB /* GrassNode.swift in Sources */ = {isa = PBXBuildFile; fileRef = 01F87C0727C1706000B6ADCB /* GrassNode.swift */; };
		01F87C1027C1753500B6ADCB /* CoinNode.swift in Sources */ = {isa = PBXBuildFile; fileRef = 01F87C0F27C1753500B6ADCB /* CoinNode.swift */; };
		01F87C1727C178A600B6ADCB /* Extensions.swift in Sources */ = {isa = PBXBuildFile; fileRef = 01F87C1627C178A600B6ADCB /* Extensions.swift */; };
/* End PBXBuildFile section */

/* Begin PBXFileReference section */
		014FCBC427D408950067B4F3 /* BottomNode.swift */ = {isa = PBXFileReference; lastKnownFileType = sourcecode.swift; path = BottomNode.swift; sourceTree = "<group>"; };
		014FCBC727D431B40067B4F3 /* BubbleNode.swift */ = {isa = PBXFileReference; lastKnownFileType = sourcecode.swift; path = BubbleNode.swift; sourceTree = "<group>"; };
		01629F5F2BB6610500CE570F /* newLife.mp3 */ = {isa = PBXFileReference; lastKnownFileType = audio.mp3; path = newLife.mp3; sourceTree = "<group>"; };
		01629F602BB6610500CE570F /* grassHit.mp3 */ = {isa = PBXFileReference; lastKnownFileType = audio.mp3; path = grassHit.mp3; sourceTree = "<group>"; };
		01629F612BB6610500CE570F /* jump.mp3 */ = {isa = PBXFileReference; lastKnownFileType = audio.mp3; path = jump.mp3; sourceTree = "<group>"; };
		01629F622BB6610500CE570F /* mainTheme.mp3 */ = {isa = PBXFileReference; lastKnownFileType = audio.mp3; path = mainTheme.mp3; sourceTree = "<group>"; };
		01629F632BB6610500CE570F /* coinCollect.mp3 */ = {isa = PBXFileReference; lastKnownFileType = audio.mp3; path = coinCollect.mp3; sourceTree = "<group>"; };
		01629F642BB6610500CE570F /* shellBubbles.mp3 */ = {isa = PBXFileReference; lastKnownFileType = audio.mp3; path = shellBubbles.mp3; sourceTree = "<group>"; };
		01629F652BB6610500CE570F /* fishHit.mp3 */ = {isa = PBXFileReference; lastKnownFileType = audio.mp3; path = fishHit.mp3; sourceTree = "<group>"; };
		01629F6D2BB661CF00CE570F /* Music.swift */ = {isa = PBXFileReference; lastKnownFileType = sourcecode.swift; path = Music.swift; sourceTree = "<group>"; };
		0198661527D7BB1900D69861 /* ResizedImages.swift */ = {isa = PBXFileReference; lastKnownFileType = sourcecode.swift; path = ResizedImages.swift; sourceTree = "<group>"; };
		019CDB4B27B1DD8F00A018E0 /* YuludleJump.app */ = {isa = PBXFileReference; explicitFileType = wrapper.application; includeInIndex = 0; path = YuludleJump.app; sourceTree = BUILT_PRODUCTS_DIR; };
		019CDB4E27B1DD8F00A018E0 /* AppDelegate.swift */ = {isa = PBXFileReference; lastKnownFileType = sourcecode.swift; path = AppDelegate.swift; sourceTree = "<group>"; };
		019CDB5427B1DD8F00A018E0 /* GameScene.swift */ = {isa = PBXFileReference; lastKnownFileType = sourcecode.swift; path = GameScene.swift; sourceTree = "<group>"; };
		019CDB5627B1DD8F00A018E0 /* GameViewController.swift */ = {isa = PBXFileReference; lastKnownFileType = sourcecode.swift; path = GameViewController.swift; sourceTree = "<group>"; };
		019CDB5927B1DD8F00A018E0 /* Base */ = {isa = PBXFileReference; lastKnownFileType = file.storyboard; name = Base; path = Base.lproj/Main.storyboard; sourceTree = "<group>"; };
		019CDB5B27B1DD9400A018E0 /* Assets.xcassets */ = {isa = PBXFileReference; lastKnownFileType = folder.assetcatalog; path = Assets.xcassets; sourceTree = "<group>"; };
		019CDB5D27B1DD9400A018E0 /* Info.plist */ = {isa = PBXFileReference; lastKnownFileType = text.plist.xml; path = Info.plist; sourceTree = "<group>"; };
		019CDB6527B1DDD700A018E0 /* MenuScene.swift */ = {isa = PBXFileReference; lastKnownFileType = sourcecode.swift; path = MenuScene.swift; sourceTree = "<group>"; };
		019CDB6B27B1E50700A018E0 /* Constants.swift */ = {isa = PBXFileReference; lastKnownFileType = sourcecode.swift; path = Constants.swift; sourceTree = "<group>"; };
		01AD3EB827C2B14D000B0F79 /* LaunchScreen.storyboard */ = {isa = PBXFileReference; fileEncoding = 4; lastKnownFileType = file.storyboard; path = LaunchScreen.storyboard; sourceTree = "<group>"; };
		01AE211827C1489000AA1779 /* OctopusNode.swift */ = {isa = PBXFileReference; lastKnownFileType = sourcecode.swift; path = OctopusNode.swift; sourceTree = "<group>"; };
		01AE211B27C14D8D00AA1779 /* PlatformNode.swift */ = {isa = PBXFileReference; lastKnownFileType = sourcecode.swift; path = PlatformNode.swift; sourceTree = "<group>"; };
		01AE212527C16BC300AA1779 /* HeartNode.swift */ = {isa = PBXFileReference; lastKnownFileType = sourcecode.swift; path = HeartNode.swift; sourceTree = "<group>"; };
		01F87C0127C16E3500B6ADCB /* FishNode.swift */ = {isa = PBXFileReference; lastKnownFileType = sourcecode.swift; path = FishNode.swift; sourceTree = "<group>"; };
		01F87C0427C16E4300B6ADCB /* BoostNode.swift */ = {isa = PBXFileReference; lastKnownFileType = sourcecode.swift; path = BoostNode.swift; sourceTree = "<group>"; };
		01F87C0727C1706000B6ADCB /* GrassNode.swift */ = {isa = PBXFileReference; lastKnownFileType = sourcecode.swift; path = GrassNode.swift; sourceTree = "<group>"; };
		01F87C0F27C1753500B6ADCB /* CoinNode.swift */ = {isa = PBXFileReference; lastKnownFileType = sourcecode.swift; path = CoinNode.swift; sourceTree = "<group>"; };
		01F87C1627C178A600B6ADCB /* Extensions.swift */ = {isa = PBXFileReference; lastKnownFileType = sourcecode.swift; path = Extensions.swift; sourceTree = "<group>"; };
/* End PBXFileReference section */

/* Begin PBXFrameworksBuildPhase section */
		019CDB4827B1DD8F00A018E0 /* Frameworks */ = {
			isa = PBXFrameworksBuildPhase;
			buildActionMask = 2147483647;
			files = (
			);
			runOnlyForDeploymentPostprocessing = 0;
		};
/* End PBXFrameworksBuildPhase section */

/* Begin PBXGroup section */
		019CDB4227B1DD8F00A018E0 = {
			isa = PBXGroup;
			children = (
				019CDB4D27B1DD8F00A018E0 /* YuludleJump */,
				019CDB4C27B1DD8F00A018E0 /* Products */,
			);
			sourceTree = "<group>";
		};
		019CDB4C27B1DD8F00A018E0 /* Products */ = {
			isa = PBXGroup;
			children = (
				019CDB4B27B1DD8F00A018E0 /* YuludleJump.app */,
			);
			name = Products;
			sourceTree = "<group>";
		};
		019CDB4D27B1DD8F00A018E0 /* YuludleJump */ = {
			isa = PBXGroup;
			children = (
				019CDB4E27B1DD8F00A018E0 /* AppDelegate.swift */,
				019CDB5627B1DD8F00A018E0 /* GameViewController.swift */,
				019CDB6827B1DDDF00A018E0 /* Scene */,
				01AE211E27C1656B00AA1779 /* Node */,
				0198661527D7BB1900D69861 /* ResizedImages.swift */,
				019CDB6B27B1E50700A018E0 /* Constants.swift */,
				01629F6D2BB661CF00CE570F /* Music.swift */,
				01F87C1627C178A600B6ADCB /* Extensions.swift */,
				01629F632BB6610500CE570F /* coinCollect.mp3 */,
				01629F612BB6610500CE570F /* jump.mp3 */,
				01629F5F2BB6610500CE570F /* newLife.mp3 */,
				01629F642BB6610500CE570F /* shellBubbles.mp3 */,
				01629F652BB6610500CE570F /* fishHit.mp3 */,
				01629F622BB6610500CE570F /* mainTheme.mp3 */,
				01629F602BB6610500CE570F /* grassHit.mp3 */,
				01AD3EB827C2B14D000B0F79 /* LaunchScreen.storyboard */,
				019CDB5827B1DD8F00A018E0 /* Main.storyboard */,
				019CDB5B27B1DD9400A018E0 /* Assets.xcassets */,
				019CDB5D27B1DD9400A018E0 /* Info.plist */,
			);
			path = YuludleJump;
			sourceTree = "<group>";
		};
		019CDB6827B1DDDF00A018E0 /* Scene */ = {
			isa = PBXGroup;
			children = (
				019CDB6527B1DDD700A018E0 /* MenuScene.swift */,
				019CDB5427B1DD8F00A018E0 /* GameScene.swift */,
			);
			path = Scene;
			sourceTree = "<group>";
		};
		01AE211E27C1656B00AA1779 /* Node */ = {
			isa = PBXGroup;
			children = (
				01AE211827C1489000AA1779 /* OctopusNode.swift */,
				014FCBC427D408950067B4F3 /* BottomNode.swift */,
				014FCBC727D431B40067B4F3 /* BubbleNode.swift */,
				01AE211B27C14D8D00AA1779 /* PlatformNode.swift */,
				01F87C0427C16E4300B6ADCB /* BoostNode.swift */,
				01F87C0C27C170A500B6ADCB /* Enemy */,
				01F87C1227C1753900B6ADCB /* Collectable */,
			);
			path = Node;
			sourceTree = "<group>";
		};
		01F87C0C27C170A500B6ADCB /* Enemy */ = {
			isa = PBXGroup;
			children = (
				01F87C0127C16E3500B6ADCB /* FishNode.swift */,
				01F87C0727C1706000B6ADCB /* GrassNode.swift */,
			);
			path = Enemy;
			sourceTree = "<group>";
		};
		01F87C1227C1753900B6ADCB /* Collectable */ = {
			isa = PBXGroup;
			children = (
				01AE212527C16BC300AA1779 /* HeartNode.swift */,
				01F87C0F27C1753500B6ADCB /* CoinNode.swift */,
			);
			path = Collectable;
			sourceTree = "<group>";
		};
/* End PBXGroup section */

/* Begin PBXNativeTarget section */
		019CDB4A27B1DD8F00A018E0 /* YuludleJump */ = {
			isa = PBXNativeTarget;
			buildConfigurationList = 019CDB6027B1DD9400A018E0 /* Build configuration list for PBXNativeTarget "YuludleJump" */;
			buildPhases = (
				019CDB4727B1DD8F00A018E0 /* Sources */,
				019CDB4827B1DD8F00A018E0 /* Frameworks */,
				019CDB4927B1DD8F00A018E0 /* Resources */,
			);
			buildRules = (
			);
			dependencies = (
			);
			name = YuludleJump;
			productName = YuludleJump;
			productReference = 019CDB4B27B1DD8F00A018E0 /* YuludleJump.app */;
			productType = "com.apple.product-type.application";
		};
/* End PBXNativeTarget section */

/* Begin PBXProject section */
		019CDB4327B1DD8F00A018E0 /* Project object */ = {
			isa = PBXProject;
			attributes = {
				BuildIndependentTargetsInParallel = YES;
				LastSwiftUpdateCheck = 1220;
				LastUpgradeCheck = 1510;
				TargetAttributes = {
					019CDB4A27B1DD8F00A018E0 = {
						CreatedOnToolsVersion = 12.2;
					};
				};
			};
			buildConfigurationList = 019CDB4627B1DD8F00A018E0 /* Build configuration list for PBXProject "YuludleJump" */;
			compatibilityVersion = "Xcode 9.3";
			developmentRegion = en;
			hasScannedForEncodings = 0;
			knownRegions = (
				en,
				Base,
			);
			mainGroup = 019CDB4227B1DD8F00A018E0;
			productRefGroup = 019CDB4C27B1DD8F00A018E0 /* Products */;
			projectDirPath = "";
			projectRoot = "";
			targets = (
				019CDB4A27B1DD8F00A018E0 /* YuludleJump */,
			);
		};
/* End PBXProject section */

/* Begin PBXResourcesBuildPhase section */
		019CDB4927B1DD8F00A018E0 /* Resources */ = {
			isa = PBXResourcesBuildPhase;
			buildActionMask = 2147483647;
			files = (
				01629F6C2BB6610500CE570F /* fishHit.mp3 in Resources */,
				01629F682BB6610500CE570F /* jump.mp3 in Resources */,
				01629F6B2BB6610500CE570F /* shellBubbles.mp3 in Resources */,
				01629F662BB6610500CE570F /* newLife.mp3 in Resources */,
				01AD3EB927C2B14E000B0F79 /* LaunchScreen.storyboard in Resources */,
				019CDB5A27B1DD8F00A018E0 /* Main.storyboard in Resources */,
				01629F672BB6610500CE570F /* grassHit.mp3 in Resources */,
				01629F6A2BB6610500CE570F /* coinCollect.mp3 in Resources */,
				019CDB5C27B1DD9400A018E0 /* Assets.xcassets in Resources */,
				01629F692BB6610500CE570F /* mainTheme.mp3 in Resources */,
			);
			runOnlyForDeploymentPostprocessing = 0;
		};
/* End PBXResourcesBuildPhase section */

/* Begin PBXSourcesBuildPhase section */
		019CDB4727B1DD8F00A018E0 /* Sources */ = {
			isa = PBXSourcesBuildPhase;
			buildActionMask = 2147483647;
			files = (
				01F87C0227C16E3500B6ADCB /* FishNode.swift in Sources */,
				01F87C1027C1753500B6ADCB /* CoinNode.swift in Sources */,
				014FCBC527D408960067B4F3 /* BottomNode.swift in Sources */,
				01F87C0827C1706000B6ADCB /* GrassNode.swift in Sources */,
				019CDB6C27B1E50700A018E0 /* Constants.swift in Sources */,
				019CDB5527B1DD8F00A018E0 /* GameScene.swift in Sources */,
				01AE211C27C14D8D00AA1779 /* PlatformNode.swift in Sources */,
				019CDB6627B1DDD700A018E0 /* MenuScene.swift in Sources */,
				01AE212627C16BC300AA1779 /* HeartNode.swift in Sources */,
				01629F6E2BB661CF00CE570F /* Music.swift in Sources */,
				019CDB5727B1DD8F00A018E0 /* GameViewController.swift in Sources */,
				0198661627D7BB1900D69861 /* ResizedImages.swift in Sources */,
				019CDB4F27B1DD8F00A018E0 /* AppDelegate.swift in Sources */,
				01F87C0527C16E4300B6ADCB /* BoostNode.swift in Sources */,
				014FCBC827D431B40067B4F3 /* BubbleNode.swift in Sources */,
				01AE211927C1489000AA1779 /* OctopusNode.swift in Sources */,
				01F87C1727C178A600B6ADCB /* Extensions.swift in Sources */,
			);
			runOnlyForDeploymentPostprocessing = 0;
		};
/* End PBXSourcesBuildPhase section */

/* Begin PBXVariantGroup section */
		019CDB5827B1DD8F00A018E0 /* Main.storyboard */ = {
			isa = PBXVariantGroup;
			children = (
				019CDB5927B1DD8F00A018E0 /* Base */,
			);
			name = Main.storyboard;
			sourceTree = "<group>";
		};
/* End PBXVariantGroup section */

/* Begin XCBuildConfiguration section */
		019CDB5E27B1DD9400A018E0 /* Debug */ = {
			isa = XCBuildConfiguration;
			buildSettings = {
				ALWAYS_SEARCH_USER_PATHS = NO;
				CLANG_ANALYZER_NONNULL = YES;
				CLANG_ANALYZER_NUMBER_OBJECT_CONVERSION = YES_AGGRESSIVE;
				CLANG_CXX_LANGUAGE_STANDARD = "gnu++14";
				CLANG_CXX_LIBRARY = "libc++";
				CLANG_ENABLE_MODULES = YES;
				CLANG_ENABLE_OBJC_ARC = YES;
				CLANG_ENABLE_OBJC_WEAK = YES;
				CLANG_WARN_BLOCK_CAPTURE_AUTORELEASING = YES;
				CLANG_WARN_BOOL_CONVERSION = YES;
				CLANG_WARN_COMMA = YES;
				CLANG_WARN_CONSTANT_CONVERSION = YES;
				CLANG_WARN_DEPRECATED_OBJC_IMPLEMENTATIONS = YES;
				CLANG_WARN_DIRECT_OBJC_ISA_USAGE = YES_ERROR;
				CLANG_WARN_DOCUMENTATION_COMMENTS = YES;
				CLANG_WARN_EMPTY_BODY = YES;
				CLANG_WARN_ENUM_CONVERSION = YES;
				CLANG_WARN_INFINITE_RECURSION = YES;
				CLANG_WARN_INT_CONVERSION = YES;
				CLANG_WARN_NON_LITERAL_NULL_CONVERSION = YES;
				CLANG_WARN_OBJC_IMPLICIT_RETAIN_SELF = YES;
				CLANG_WARN_OBJC_LITERAL_CONVERSION = YES;
				CLANG_WARN_OBJC_ROOT_CLASS = YES_ERROR;
				CLANG_WARN_QUOTED_INCLUDE_IN_FRAMEWORK_HEADER = YES;
				CLANG_WARN_RANGE_LOOP_ANALYSIS = YES;
				CLANG_WARN_STRICT_PROTOTYPES = YES;
				CLANG_WARN_SUSPICIOUS_MOVE = YES;
				CLANG_WARN_UNGUARDED_AVAILABILITY = YES_AGGRESSIVE;
				CLANG_WARN_UNREACHABLE_CODE = YES;
				CLANG_WARN__DUPLICATE_METHOD_MATCH = YES;
				COPY_PHASE_STRIP = NO;
				DEBUG_INFORMATION_FORMAT = dwarf;
				ENABLE_STRICT_OBJC_MSGSEND = YES;
				ENABLE_TESTABILITY = YES;
				GCC_C_LANGUAGE_STANDARD = gnu11;
				GCC_DYNAMIC_NO_PIC = NO;
				GCC_NO_COMMON_BLOCKS = YES;
				GCC_OPTIMIZATION_LEVEL = 0;
				GCC_PREPROCESSOR_DEFINITIONS = (
					"DEBUG=1",
					"$(inherited)",
				);
				GCC_WARN_64_TO_32_BIT_CONVERSION = YES;
				GCC_WARN_ABOUT_RETURN_TYPE = YES_ERROR;
				GCC_WARN_UNDECLARED_SELECTOR = YES;
				GCC_WARN_UNINITIALIZED_AUTOS = YES_AGGRESSIVE;
				GCC_WARN_UNUSED_FUNCTION = YES;
				GCC_WARN_UNUSED_VARIABLE = YES;
				IPHONEOS_DEPLOYMENT_TARGET = 12.0;
				MTL_ENABLE_DEBUG_INFO = INCLUDE_SOURCE;
				MTL_FAST_MATH = YES;
				ONLY_ACTIVE_ARCH = YES;
				SDKROOT = iphoneos;
				SWIFT_ACTIVE_COMPILATION_CONDITIONS = DEBUG;
				SWIFT_OPTIMIZATION_LEVEL = "-Onone";
			};
			name = Debug;
		};
		019CDB5F27B1DD9400A018E0 /* Release */ = {
			isa = XCBuildConfiguration;
			buildSettings = {
				ALWAYS_SEARCH_USER_PATHS = NO;
				CLANG_ANALYZER_NONNULL = YES;
				CLANG_ANALYZER_NUMBER_OBJECT_CONVERSION = YES_AGGRESSIVE;
				CLANG_CXX_LANGUAGE_STANDARD = "gnu++14";
				CLANG_CXX_LIBRARY = "libc++";
				CLANG_ENABLE_MODULES = YES;
				CLANG_ENABLE_OBJC_ARC = YES;
				CLANG_ENABLE_OBJC_WEAK = YES;
				CLANG_WARN_BLOCK_CAPTURE_AUTORELEASING = YES;
				CLANG_WARN_BOOL_CONVERSION = YES;
				CLANG_WARN_COMMA = YES;
				CLANG_WARN_CONSTANT_CONVERSION = YES;
				CLANG_WARN_DEPRECATED_OBJC_IMPLEMENTATIONS = YES;
				CLANG_WARN_DIRECT_OBJC_ISA_USAGE = YES_ERROR;
				CLANG_WARN_DOCUMENTATION_COMMENTS = YES;
				CLANG_WARN_EMPTY_BODY = YES;
				CLANG_WARN_ENUM_CONVERSION = YES;
				CLANG_WARN_INFINITE_RECURSION = YES;
				CLANG_WARN_INT_CONVERSION = YES;
				CLANG_WARN_NON_LITERAL_NULL_CONVERSION = YES;
				CLANG_WARN_OBJC_IMPLICIT_RETAIN_SELF = YES;
				CLANG_WARN_OBJC_LITERAL_CONVERSION = YES;
				CLANG_WARN_OBJC_ROOT_CLASS = YES_ERROR;
				CLANG_WARN_QUOTED_INCLUDE_IN_FRAMEWORK_HEADER = YES;
				CLANG_WARN_RANGE_LOOP_ANALYSIS = YES;
				CLANG_WARN_STRICT_PROTOTYPES = YES;
				CLANG_WARN_SUSPICIOUS_MOVE = YES;
				CLANG_WARN_UNGUARDED_AVAILABILITY = YES_AGGRESSIVE;
				CLANG_WARN_UNREACHABLE_CODE = YES;
				CLANG_WARN__DUPLICATE_METHOD_MATCH = YES;
				COPY_PHASE_STRIP = NO;
				DEBUG_INFORMATION_FORMAT = "dwarf-with-dsym";
				ENABLE_NS_ASSERTIONS = NO;
				ENABLE_STRICT_OBJC_MSGSEND = YES;
				GCC_C_LANGUAGE_STANDARD = gnu11;
				GCC_NO_COMMON_BLOCKS = YES;
				GCC_WARN_64_TO_32_BIT_CONVERSION = YES;
				GCC_WARN_ABOUT_RETURN_TYPE = YES_ERROR;
				GCC_WARN_UNDECLARED_SELECTOR = YES;
				GCC_WARN_UNINITIALIZED_AUTOS = YES_AGGRESSIVE;
				GCC_WARN_UNUSED_FUNCTION = YES;
				GCC_WARN_UNUSED_VARIABLE = YES;
				IPHONEOS_DEPLOYMENT_TARGET = 12.0;
				MTL_ENABLE_DEBUG_INFO = NO;
				MTL_FAST_MATH = YES;
				SDKROOT = iphoneos;
				SWIFT_COMPILATION_MODE = wholemodule;
				SWIFT_OPTIMIZATION_LEVEL = "-O";
				VALIDATE_PRODUCT = YES;
			};
			name = Release;
		};
		019CDB6127B1DD9400A018E0 /* Debug */ = {
			isa = XCBuildConfiguration;
			buildSettings = {
				ASSETCATALOG_COMPILER_APPICON_NAME = AppIcon;
				ASSETCATALOG_COMPILER_GLOBAL_ACCENT_COLOR_NAME = AccentColor;
				CODE_SIGN_STYLE = Automatic;
				CURRENT_PROJECT_VERSION = 8;
				DEVELOPMENT_TEAM = HS9D68HM23;
				INFOPLIST_FILE = YuludleJump/Info.plist;
				IPHONEOS_DEPLOYMENT_TARGET = 12.0;
				LD_RUNPATH_SEARCH_PATHS = (
					"$(inherited)",
					"@executable_path/Frameworks",
				);
				PRODUCT_BUNDLE_IDENTIFIER = com.ilyaaegorov.yuludlejump.debug;
				PRODUCT_NAME = "$(TARGET_NAME)";
				SUPPORTED_PLATFORMS = "iphoneos iphonesimulator";
				SUPPORTS_MACCATALYST = NO;
				SWIFT_VERSION = 5.0;
				TARGETED_DEVICE_FAMILY = "1,2";
			};
			name = Debug;
		};
		019CDB6227B1DD9400A018E0 /* Release */ = {
			isa = XCBuildConfiguration;
			buildSettings = {
				ASSETCATALOG_COMPILER_APPICON_NAME = AppIcon;
				ASSETCATALOG_COMPILER_GLOBAL_ACCENT_COLOR_NAME = AccentColor;
				CODE_SIGN_STYLE = Automatic;
				CURRENT_PROJECT_VERSION = 8;
				DEVELOPMENT_TEAM = HS9D68HM23;
				INFOPLIST_FILE = YuludleJump/Info.plist;
				IPHONEOS_DEPLOYMENT_TARGET = 12.0;
				LD_RUNPATH_SEARCH_PATHS = (
					"$(inherited)",
					"@executable_path/Frameworks",
				);
				PRODUCT_BUNDLE_IDENTIFIER = com.ilyaaegorov.yuludlejump;
				PRODUCT_NAME = "$(TARGET_NAME)";
				SUPPORTED_PLATFORMS = "iphoneos iphonesimulator";
				SUPPORTS_MACCATALYST = NO;
				SWIFT_VERSION = 5.0;
				TARGETED_DEVICE_FAMILY = "1,2";
			};
			name = Release;
		};
/* End XCBuildConfiguration section */

/* Begin XCConfigurationList section */
		019CDB4627B1DD8F00A018E0 /* Build configuration list for PBXProject "YuludleJump" */ = {
			isa = XCConfigurationList;
			buildConfigurations = (
				019CDB5E27B1DD9400A018E0 /* Debug */,
				019CDB5F27B1DD9400A018E0 /* Release */,
			);
			defaultConfigurationIsVisible = 0;
			defaultConfigurationName = Release;
		};
		019CDB6027B1DD9400A018E0 /* Build configuration list for PBXNativeTarget "YuludleJump" */ = {
			isa = XCConfigurationList;
			buildConfigurations = (
				019CDB6127B1DD9400A018E0 /* Debug */,
				019CDB6227B1DD9400A018E0 /* Release */,
			);
			defaultConfigurationIsVisible = 0;
			defaultConfigurationName = Release;
		};
/* End XCConfigurationList section */
	};
	rootObject = 019CDB4327B1DD8F00A018E0 /* Project object */;
}
